
Microsoft Visual Studio Solution File, Format Version 12.00
# Visual Studio 15
VisualStudioVersion = 15.0.26730.16
MinimumVisualStudioVersion = 10.0.40219.1
Project("{FAE04EC0-301F-11D3-BF4B-00C04F79EFBC}") = "Labb 2", "Labb 2\Labb 2.csproj", "{31EF469C-9BDF-4A45-B3AA-820339A2EE84}"
EndProject
Global
	GlobalSection(SolutionConfigurationPlatforms) = preSolution
		Debug|Any CPU = Debug|Any CPU
		Release|Any CPU = Release|Any CPU
	EndGlobalSection
	GlobalSection(ProjectConfigurationPlatforms) = postSolution
		{31EF469C-9BDF-4A45-B3AA-820339A2EE84}.Debug|Any CPU.ActiveCfg = Debug|Any CPU
		{31EF469C-9BDF-4A45-B3AA-820339A2EE84}.Debug|Any CPU.Build.0 = Debug|Any CPU
		{31EF469C-9BDF-4A45-B3AA-820339A2EE84}.Release|Any CPU.ActiveCfg = Release|Any CPU
		{31EF469C-9BDF-4A45-B3AA-820339A2EE84}.Release|Any CPU.Build.0 = Release|Any CPU
	EndGlobalSection
	GlobalSection(SolutionProperties) = preSolution
		HideSolutionNode = FALSE
	EndGlobalSection
	GlobalSection(ExtensibilityGlobals) = postSolution
		SolutionGuid = {869F8DAB-F29D-4040-9801-AF4D98EDC07C}
	EndGlobalSection
EndGlobal
